// !$*UTF8*$!
{
	archiveVersion = 1;
	classes = {
	};
	objectVersion = 77;
	objects = {

/* Begin PBXBuildFile section */
		3C3ADEE8C93FCB3081FC6EBC /* AppState.swift in Sources */ = {isa = PBXBuildFile; fileRef = EED83C1A543EFD0372561ED7 /* AppState.swift */; };
		52648026EE8436A0062E4A95 /* SettingsView.swift in Sources */ = {isa = PBXBuildFile; fileRef = 676046D88FB1AE072BC677CB /* SettingsView.swift */; };
		6CBF54C1A653B5B1261F4E22 /* ChatView.swift in Sources */ = {isa = PBXBuildFile; fileRef = 253A59915A5BED300ACBBF1B /* ChatView.swift */; };
		6F5B369D51553BFB98C9542B /* EngineClient.swift in Sources */ = {isa = PBXBuildFile; fileRef = 26EAFF71224F01B7EC7F3602 /* EngineClient.swift */; };
		C13D99B36A4AD99414C70763 /* ContentView.swift in Sources */ = {isa = PBXBuildFile; fileRef = 9989C4098BAF4B90EFAD5DB4 /* ContentView.swift */; };
		D74B5457ECF331779823547C /* ScorangerApp.swift in Sources */ = {isa = PBXBuildFile; fileRef = 789930DFF208593F2F1B4721 /* ScorangerApp.swift */; };
		DAEBB795C121FAEA03B4520B /* Models.swift in Sources */ = {isa = PBXBuildFile; fileRef = 29DF3649AC1FABB316209B53 /* Models.swift */; };
		F4A96BD10159A49A25582B2A /* ScorePagesView.swift in Sources */ = {isa = PBXBuildFile; fileRef = 2A85531E2DF87A5BA4DF4233 /* ScorePagesView.swift */; };
/* End PBXBuildFile section */

/* Begin PBXFileReference section */
		1BC64D2884693FE63C9A228E /* Scoranger.app */ = {isa = PBXFileReference; includeInIndex = 0; lastKnownFileType = wrapper.application; path = Scoranger.app; sourceTree = BUILT_PRODUCTS_DIR; };
		253A59915A5BED300ACBBF1B /* ChatView.swift */ = {isa = PBXFileReference; lastKnownFileType = sourcecode.swift; path = ChatView.swift; sourceTree = "<group>"; };
		26EAFF71224F01B7EC7F3602 /* EngineClient.swift */ = {isa = PBXFileReference; lastKnownFileType = sourcecode.swift; path = EngineClient.swift; sourceTree = "<group>"; };
		29DF3649AC1FABB316209B53 /* Models.swift */ = {isa = PBXFileReference; lastKnownFileType = sourcecode.swift; path = Models.swift; sourceTree = "<group>"; };
		2A85531E2DF87A5BA4DF4233 /* ScorePagesView.swift */ = {isa = PBXFileReference; lastKnownFileType = sourcecode.swift; path = ScorePagesView.swift; sourceTree = "<group>"; };
		676046D88FB1AE072BC677CB /* SettingsView.swift */ = {isa = PBXFileReference; lastKnownFileType = sourcecode.swift; path = SettingsView.swift; sourceTree = "<group>"; };
		789930DFF208593F2F1B4721 /* ScorangerApp.swift */ = {isa = PBXFileReference; lastKnownFileType = sourcecode.swift; path = ScorangerApp.swift; sourceTree = "<group>"; };
		9989C4098BAF4B90EFAD5DB4 /* ContentView.swift */ = {isa = PBXFileReference; lastKnownFileType = sourcecode.swift; path = ContentView.swift; sourceTree = "<group>"; };
		A7BFF46DF771BC247BCC2A73 /* Info.plist */ = {isa = PBXFileReference; lastKnownFileType = text.plist; path = Info.plist; sourceTree = "<group>"; };
		EED83C1A543EFD0372561ED7 /* AppState.swift */ = {isa = PBXFileReference; lastKnownFileType = sourcecode.swift; path = AppState.swift; sourceTree = "<group>"; };
/* End PBXFileReference section */

/* Begin PBXGroup section */
		EACC3A441B4FCA8C91F97E04 /* Products */ = {
			isa = PBXGroup;
			children = (
				1BC64D2884693FE63C9A228E /* Scoranger.app */,
			);
			name = Products;
			sourceTree = "<group>";
		};
		F7EDD856F24AC169B211DF3E = {
			isa = PBXGroup;
			children = (
				F87F3C99EDD57E397A258246 /* Scoranger */,
				EACC3A441B4FCA8C91F97E04 /* Products */,
			);
			sourceTree = "<group>";
		};
		F87F3C99EDD57E397A258246 /* Scoranger */ = {
			isa = PBXGroup;
			children = (
				EED83C1A543EFD0372561ED7 /* AppState.swift */,
				253A59915A5BED300ACBBF1B /* ChatView.swift */,
				9989C4098BAF4B90EFAD5DB4 /* ContentView.swift */,
				26EAFF71224F01B7EC7F3602 /* EngineClient.swift */,
				A7BFF46DF771BC247BCC2A73 /* Info.plist */,
				29DF3649AC1FABB316209B53 /* Models.swift */,
				789930DFF208593F2F1B4721 /* ScorangerApp.swift */,
				2A85531E2DF87A5BA4DF4233 /* ScorePagesView.swift */,
				676046D88FB1AE072BC677CB /* SettingsView.swift */,
			);
			path = Scoranger;
			sourceTree = "<group>";
		};
/* End PBXGroup section */

/* Begin PBXNativeTarget section */
		900D82F4EEFAAB2ED99BDADD /* Scoranger */ = {
			isa = PBXNativeTarget;
			buildConfigurationList = D1041595B49FA0C88507A435 /* Build configuration list for PBXNativeTarget "Scoranger" */;
			buildPhases = (
				F57DB9FF23E6D5CDBF487D37 /* Sources */,
			);
			buildRules = (
			);
			dependencies = (
			);
			name = Scoranger;
			packageProductDependencies = (
			);
			productName = Scoranger;
			productReference = 1BC64D2884693FE63C9A228E /* Scoranger.app */;
			productType = "com.apple.product-type.application";
		};
/* End PBXNativeTarget section */

/* Begin PBXProject section */
		F49B052E3E7AD75B294C84B2 /* Project object */ = {
			isa = PBXProject;
			attributes = {
				BuildIndependentTargetsInParallel = YES;
				LastUpgradeCheck = 1430;
				TargetAttributes = {
					900D82F4EEFAAB2ED99BDADD = {
						ProvisioningStyle = Automatic;
					};
				};
			};
			buildConfigurationList = 941F810506CA63B81F933858 /* Build configuration list for PBXProject "Scoranger" */;
			developmentRegion = en;
			hasScannedForEncodings = 0;
			knownRegions = (
				Base,
				en,
			);
			mainGroup = F7EDD856F24AC169B211DF3E;
			minimizedProjectReferenceProxies = 1;
			preferredProjectObjectVersion = 77;
			productRefGroup = EACC3A441B4FCA8C91F97E04 /* Products */;
			projectDirPath = "";
			projectRoot = "";
			targets = (
				900D82F4EEFAAB2ED99BDADD /* Scoranger */,
			);
		};
/* End PBXProject section */

/* Begin PBXSourcesBuildPhase section */
		F57DB9FF23E6D5CDBF487D37 /* Sources */ = {
			isa = PBXSourcesBuildPhase;
			buildActionMask = 2147483647;
			files = (
				3C3ADEE8C93FCB3081FC6EBC /* AppState.swift in Sources */,
				6CBF54C1A653B5B1261F4E22 /* ChatView.swift in Sources */,
				C13D99B36A4AD99414C70763 /* ContentView.swift in Sources */,
				6F5B369D51553BFB98C9542B /* EngineClient.swift in Sources */,
				DAEBB795C121FAEA03B4520B /* Models.swift in Sources */,
				D74B5457ECF331779823547C /* ScorangerApp.swift in Sources */,
				F4A96BD10159A49A25582B2A /* ScorePagesView.swift in Sources */,
				52648026EE8436A0062E4A95 /* SettingsView.swift in Sources */,
			);
			runOnlyForDeploymentPostprocessing = 0;
		};
/* End PBXSourcesBuildPhase section */

/* Begin XCBuildConfiguration section */
		3F8DD33C77027532AD1F4F78 /* Release */ = {
			isa = XCBuildConfiguration;
			buildSettings = {
				ALWAYS_SEARCH_USER_PATHS = NO;
				CLANG_ANALYZER_NONNULL = YES;
				CLANG_ANALYZER_NUMBER_OBJECT_CONVERSION = YES_AGGRESSIVE;
				CLANG_CXX_LANGUAGE_STANDARD = "gnu++14";
				CLANG_CXX_LIBRARY = "libc++";
				CLANG_ENABLE_MODULES = YES;
				CLANG_ENABLE_OBJC_ARC = YES;
				CLANG_ENABLE_OBJC_WEAK = YES;
				CLANG_WARN_BLOCK_CAPTURE_AUTORELEASING = YES;
				CLANG_WARN_BOOL_CONVERSION = YES;
				CLANG_WARN_COMMA = YES;
				CLANG_WARN_CONSTANT_CONVERSION = YES;
				CLANG_WARN_DEPRECATED_OBJC_IMPLEMENTATIONS = YES;
				CLANG_WARN_DIRECT_OBJC_ISA_USAGE = YES_ERROR;
				CLANG_WARN_DOCUMENTATION_COMMENTS = YES;
				CLANG_WARN_EMPTY_BODY = YES;
				CLANG_WARN_ENUM_CONVERSION = YES;
				CLANG_WARN_INFINITE_RECURSION = YES;
				CLANG_WARN_INT_CONVERSION = YES;
				CLANG_WARN_NON_LITERAL_NULL_CONVERSION = YES;
				CLANG_WARN_OBJC_IMPLICIT_RETAIN_SELF = YES;
				CLANG_WARN_OBJC_LITERAL_CONVERSION = YES;
				CLANG_WARN_OBJC_ROOT_CLASS = YES_ERROR;
				CLANG_WARN_QUOTED_INCLUDE_IN_FRAMEWORK_HEADER = YES;
				CLANG_WARN_RANGE_LOOP_ANALYSIS = YES;
				CLANG_WARN_STRICT_PROTOTYPES = YES;
				CLANG_WARN_SUSPICIOUS_MOVE = YES;
				CLANG_WARN_UNGUARDED_AVAILABILITY = YES_AGGRESSIVE;
				CLANG_WARN_UNREACHABLE_CODE = YES;
				CLANG_WARN__DUPLICATE_METHOD_MATCH = YES;
				COPY_PHASE_STRIP = NO;
				DEBUG_INFORMATION_FORMAT = "dwarf-with-dsym";
				ENABLE_NS_ASSERTIONS = NO;
				ENABLE_STRICT_OBJC_MSGSEND = YES;
				GCC_C_LANGUAGE_STANDARD = gnu11;
				GCC_NO_COMMON_BLOCKS = YES;
				GCC_WARN_64_TO_32_BIT_CONVERSION = YES;
				GCC_WARN_ABOUT_RETURN_TYPE = YES_ERROR;
				GCC_WARN_UNDECLARED_SELECTOR = YES;
				GCC_WARN_UNINITIALIZED_AUTOS = YES_AGGRESSIVE;
				GCC_WARN_UNUSED_FUNCTION = YES;
				GCC_WARN_UNUSED_VARIABLE = YES;
				IPHONEOS_DEPLOYMENT_TARGET = 17.0;
				MTL_ENABLE_DEBUG_INFO = NO;
				MTL_FAST_MATH = YES;
				PRODUCT_NAME = "$(TARGET_NAME)";
				SDKROOT = iphoneos;
				SWIFT_COMPILATION_MODE = wholemodule;
				SWIFT_OPTIMIZATION_LEVEL = "-O";
				SWIFT_VERSION = 5.0;
			};
			name = Release;
		};
		4A73DA293ED7C0650C1D646E /* Release */ = {
			isa = XCBuildConfiguration;
			buildSettings = {
				ASSETCATALOG_COMPILER_APPICON_NAME = AppIcon;
				CODE_SIGN_IDENTITY = "iPhone Developer";
				CODE_SIGN_STYLE = Automatic;
				CURRENT_PROJECT_VERSION = 1;
				GENERATE_INFOPLIST_FILE = YES;
				INFOPLIST_FILE = Scoranger/Info.plist;
				INFOPLIST_KEY_NSLocalNetworkUsageDescription = "Scoranger talks to your score engine on the local network.";
				INFOPLIST_KEY_UILaunchScreen_Generation = YES;
				INFOPLIST_KEY_UISupportedInterfaceOrientations_iPad = "UIInterfaceOrientationPortrait UIInterfaceOrientationPortraitUpsideDown UIInterfaceOrientationLandscapeLeft UIInterfaceOrientationLandscapeRight";
				INFOPLIST_KEY_UISupportedInterfaceOrientations_iPhone = UIInterfaceOrientationPortrait;
				IPHONEOS_DEPLOYMENT_TARGET = 17.0;
				LD_RUNPATH_SEARCH_PATHS = (
					"$(inherited)",
					"@executable_path/Frameworks",
				);
				MARKETING_VERSION = 0.1.0;
				PRODUCT_BUNDLE_IDENTIFIER = com.batchku.scoranger;
				SDKROOT = iphoneos;
				SWIFT_VERSION = 5.1;
				TARGETED_DEVICE_FAMILY = "1,2";
			};
			name = Release;
		};
		9C205CB1050FCED36503AFE8 /* Debug */ = {
			isa = XCBuildConfiguration;
			buildSettings = {
				ASSETCATALOG_COMPILER_APPICON_NAME = AppIcon;
				CODE_SIGN_IDENTITY = "iPhone Developer";
				CODE_SIGN_STYLE = Automatic;
				CURRENT_PROJECT_VERSION = 1;
				GENERATE_INFOPLIST_FILE = YES;
				INFOPLIST_FILE = Scoranger/Info.plist;
				INFOPLIST_KEY_NSLocalNetworkUsageDescription = "Scoranger talks to your score engine on the local network.";
				INFOPLIST_KEY_UILaunchScreen_Generation = YES;
				INFOPLIST_KEY_UISupportedInterfaceOrientations_iPad = "UIInterfaceOrientationPortrait UIInterfaceOrientationPortraitUpsideDown UIInterfaceOrientationLandscapeLeft UIInterfaceOrientationLandscapeRight";
				INFOPLIST_KEY_UISupportedInterfaceOrientations_iPhone = UIInterfaceOrientationPortrait;
				IPHONEOS_DEPLOYMENT_TARGET = 17.0;
				LD_RUNPATH_SEARCH_PATHS = (
					"$(inherited)",
					"@executable_path/Frameworks",
				);
				MARKETING_VERSION = 0.1.0;
				PRODUCT_BUNDLE_IDENTIFIER = com.batchku.scoranger;
				SDKROOT = iphoneos;
				SWIFT_VERSION = 5.1;
				TARGETED_DEVICE_FAMILY = "1,2";
			};
			name = Debug;
		};
		F5BEBF5903EEA2B2C376700B /* Debug */ = {
			isa = XCBuildConfiguration;
			buildSettings = {
				ALWAYS_SEARCH_USER_PATHS = NO;
				CLANG_ANALYZER_NONNULL = YES;
				CLANG_ANALYZER_NUMBER_OBJECT_CONVERSION = YES_AGGRESSIVE;
				CLANG_CXX_LANGUAGE_STANDARD = "gnu++14";
				CLANG_CXX_LIBRARY = "libc++";
				CLANG_ENABLE_MODULES = YES;
				CLANG_ENABLE_OBJC_ARC = YES;
				CLANG_ENABLE_OBJC_WEAK = YES;
				CLANG_WARN_BLOCK_CAPTURE_AUTORELEASING = YES;
				CLANG_WARN_BOOL_CONVERSION = YES;
				CLANG_WARN_COMMA = YES;
				CLANG_WARN_CONSTANT_CONVERSION = YES;
				CLANG_WARN_DEPRECATED_OBJC_IMPLEMENTATIONS = YES;
				CLANG_WARN_DIRECT_OBJC_ISA_USAGE = YES_ERROR;
				CLANG_WARN_DOCUMENTATION_COMMENTS = YES;
				CLANG_WARN_EMPTY_BODY = YES;
				CLANG_WARN_ENUM_CONVERSION = YES;
				CLANG_WARN_INFINITE_RECURSION = YES;
				CLANG_WARN_INT_CONVERSION = YES;
				CLANG_WARN_NON_LITERAL_NULL_CONVERSION = YES;
				CLANG_WARN_OBJC_IMPLICIT_RETAIN_SELF = YES;
				CLANG_WARN_OBJC_LITERAL_CONVERSION = YES;
				CLANG_WARN_OBJC_ROOT_CLASS = YES_ERROR;
				CLANG_WARN_QUOTED_INCLUDE_IN_FRAMEWORK_HEADER = YES;
				CLANG_WARN_RANGE_LOOP_ANALYSIS = YES;
				CLANG_WARN_STRICT_PROTOTYPES = YES;
				CLANG_WARN_SUSPICIOUS_MOVE = YES;
				CLANG_WARN_UNGUARDED_AVAILABILITY = YES_AGGRESSIVE;
				CLANG_WARN_UNREACHABLE_CODE = YES;
				CLANG_WARN__DUPLICATE_METHOD_MATCH = YES;
				COPY_PHASE_STRIP = NO;
				DEBUG_INFORMATION_FORMAT = dwarf;
				ENABLE_STRICT_OBJC_MSGSEND = YES;
				ENABLE_TESTABILITY = YES;
				GCC_C_LANGUAGE_STANDARD = gnu11;
				GCC_DYNAMIC_NO_PIC = NO;
				GCC_NO_COMMON_BLOCKS = YES;
				GCC_OPTIMIZATION_LEVEL = 0;
				GCC_PREPROCESSOR_DEFINITIONS = (
					"$(inherited)",
					"DEBUG=1",
				);
				GCC_WARN_64_TO_32_BIT_CONVERSION = YES;
				GCC_WARN_ABOUT_RETURN_TYPE = YES_ERROR;
				GCC_WARN_UNDECLARED_SELECTOR = YES;
				GCC_WARN_UNINITIALIZED_AUTOS = YES_AGGRESSIVE;
				GCC_WARN_UNUSED_FUNCTION = YES;
				GCC_WARN_UNUSED_VARIABLE = YES;
				IPHONEOS_DEPLOYMENT_TARGET = 17.0;
				MTL_ENABLE_DEBUG_INFO = INCLUDE_SOURCE;
				MTL_FAST_MATH = YES;
				ONLY_ACTIVE_ARCH = YES;
				PRODUCT_NAME = "$(TARGET_NAME)";
				SDKROOT = iphoneos;
				SWIFT_ACTIVE_COMPILATION_CONDITIONS = DEBUG;
				SWIFT_OPTIMIZATION_LEVEL = "-Onone";
				SWIFT_VERSION = 5.0;
			};
			name = Debug;
		};
/* End XCBuildConfiguration section */

/* Begin XCConfigurationList section */
		941F810506CA63B81F933858 /* Build configuration list for PBXProject "Scoranger" */ = {
			isa = XCConfigurationList;
			buildConfigurations = (
				F5BEBF5903EEA2B2C376700B /* Debug */,
				3F8DD33C77027532AD1F4F78 /* Release */,
			);
			defaultConfigurationIsVisible = 0;
			defaultConfigurationName = Debug;
		};
		D1041595B49FA0C88507A435 /* Build configuration list for PBXNativeTarget "Scoranger" */ = {
			isa = XCConfigurationList;
			buildConfigurations = (
				9C205CB1050FCED36503AFE8 /* Debug */,
				4A73DA293ED7C0650C1D646E /* Release */,
			);
			defaultConfigurationIsVisible = 0;
			defaultConfigurationName = Debug;
		};
/* End XCConfigurationList section */
	};
	rootObject = F49B052E3E7AD75B294C84B2 /* Project object */;
}
